
Microsoft Visual Studio Solution File, Format Version 11.00
# Visual Studio 2010
Project("{6989167D-11E4-40FE-8C1A-2192A86A7E90}") = "libnag", "libnag\libnag.vfproj", "{5A5F3CBD-4ACE-4197-A655-CAF624E435ED}"
EndProject
Project("{6989167D-11E4-40FE-8C1A-2192A86A7E90}") = "libfruit", "libfruit\libfruit.vfproj", "{445B7BED-5B62-4B82-B793-957441EE8624}"
EndProject
Project("{6989167D-11E4-40FE-8C1A-2192A86A7E90}") = "libutil", "libutil\libutil.vfproj", "{A7F35A33-4751-47EF-AA30-4D1776840994}"
EndProject
Project("{6989167D-11E4-40FE-8C1A-2192A86A7E90}") = "libea", "libea\libea.vfproj", "{AA804E76-0F6B-4614-9423-D729EE4F7764}"
	ProjectSection(ProjectDependencies) = postProject
		{A7F35A33-4751-47EF-AA30-4D1776840994} = {A7F35A33-4751-47EF-AA30-4D1776840994}
		{1038DD66-878C-4C69-924F-A992A9012284} = {1038DD66-878C-4C69-924F-A992A9012284}
		{5A5F3CBD-4ACE-4197-A655-CAF624E435ED} = {5A5F3CBD-4ACE-4197-A655-CAF624E435ED}
		{445B7BED-5B62-4B82-B793-957441EE8624} = {445B7BED-5B62-4B82-B793-957441EE8624}
	EndProjectSection
EndProject
Project("{6989167D-11E4-40FE-8C1A-2192A86A7E90}") = "liblinalg", "liblinalg\liblinalg.vfproj", "{1038DD66-878C-4C69-924F-A992A9012284}"
	ProjectSection(ProjectDependencies) = postProject
		{A7F35A33-4751-47EF-AA30-4D1776840994} = {A7F35A33-4751-47EF-AA30-4D1776840994}
		{5A5F3CBD-4ACE-4197-A655-CAF624E435ED} = {5A5F3CBD-4ACE-4197-A655-CAF624E435ED}
		{445B7BED-5B62-4B82-B793-957441EE8624} = {445B7BED-5B62-4B82-B793-957441EE8624}
	EndProjectSection
EndProject
Project("{6989167D-11E4-40FE-8C1A-2192A86A7E90}") = "libsynthesis", "libsynthesis\libsynthesis.vfproj", "{789CE881-D90C-4DB7-A821-8E08B626B35E}"
	ProjectSection(ProjectDependencies) = postProject
		{A7F35A33-4751-47EF-AA30-4D1776840994} = {A7F35A33-4751-47EF-AA30-4D1776840994}
		{1038DD66-878C-4C69-924F-A992A9012284} = {1038DD66-878C-4C69-924F-A992A9012284}
		{AA804E76-0F6B-4614-9423-D729EE4F7764} = {AA804E76-0F6B-4614-9423-D729EE4F7764}
		{5A5F3CBD-4ACE-4197-A655-CAF624E435ED} = {5A5F3CBD-4ACE-4197-A655-CAF624E435ED}
		{445B7BED-5B62-4B82-B793-957441EE8624} = {445B7BED-5B62-4B82-B793-957441EE8624}
	EndProjectSection
EndProject
Project("{6989167D-11E4-40FE-8C1A-2192A86A7E90}") = "test_all", "test_all\test_all.vfproj", "{D12707E8-D7C9-40FD-A0F0-1720A473F9D8}"
	ProjectSection(ProjectDependencies) = postProject
		{A7F35A33-4751-47EF-AA30-4D1776840994} = {A7F35A33-4751-47EF-AA30-4D1776840994}
		{1038DD66-878C-4C69-924F-A992A9012284} = {1038DD66-878C-4C69-924F-A992A9012284}
		{AA804E76-0F6B-4614-9423-D729EE4F7764} = {AA804E76-0F6B-4614-9423-D729EE4F7764}
		{789CE881-D90C-4DB7-A821-8E08B626B35E} = {789CE881-D90C-4DB7-A821-8E08B626B35E}
		{5A5F3CBD-4ACE-4197-A655-CAF624E435ED} = {5A5F3CBD-4ACE-4197-A655-CAF624E435ED}
		{445B7BED-5B62-4B82-B793-957441EE8624} = {445B7BED-5B62-4B82-B793-957441EE8624}
	EndProjectSection
EndProject
Project("{6989167D-11E4-40FE-8C1A-2192A86A7E90}") = "example_1", "example_1\example_1.vfproj", "{FE8B48FB-B26A-410F-99FF-276713CC8BFE}"
	ProjectSection(ProjectDependencies) = postProject
		{A7F35A33-4751-47EF-AA30-4D1776840994} = {A7F35A33-4751-47EF-AA30-4D1776840994}
		{1038DD66-878C-4C69-924F-A992A9012284} = {1038DD66-878C-4C69-924F-A992A9012284}
		{AA804E76-0F6B-4614-9423-D729EE4F7764} = {AA804E76-0F6B-4614-9423-D729EE4F7764}
		{789CE881-D90C-4DB7-A821-8E08B626B35E} = {789CE881-D90C-4DB7-A821-8E08B626B35E}
		{5A5F3CBD-4ACE-4197-A655-CAF624E435ED} = {5A5F3CBD-4ACE-4197-A655-CAF624E435ED}
		{445B7BED-5B62-4B82-B793-957441EE8624} = {445B7BED-5B62-4B82-B793-957441EE8624}
	EndProjectSection
EndProject
Project("{6989167D-11E4-40FE-8C1A-2192A86A7E90}") = "example_2", "example_2\example_2.vfproj", "{25D5C147-90EA-4A54-95B9-F0F774056863}"
	ProjectSection(ProjectDependencies) = postProject
		{A7F35A33-4751-47EF-AA30-4D1776840994} = {A7F35A33-4751-47EF-AA30-4D1776840994}
		{1038DD66-878C-4C69-924F-A992A9012284} = {1038DD66-878C-4C69-924F-A992A9012284}
		{AA804E76-0F6B-4614-9423-D729EE4F7764} = {AA804E76-0F6B-4614-9423-D729EE4F7764}
		{789CE881-D90C-4DB7-A821-8E08B626B35E} = {789CE881-D90C-4DB7-A821-8E08B626B35E}
		{5A5F3CBD-4ACE-4197-A655-CAF624E435ED} = {5A5F3CBD-4ACE-4197-A655-CAF624E435ED}
		{445B7BED-5B62-4B82-B793-957441EE8624} = {445B7BED-5B62-4B82-B793-957441EE8624}
	EndProjectSection
EndProject
Global
	GlobalSection(SolutionConfigurationPlatforms) = preSolution
		Debug|Win32 = Debug|Win32
		Release|Win32 = Release|Win32
	EndGlobalSection
	GlobalSection(ProjectConfigurationPlatforms) = postSolution
		{5A5F3CBD-4ACE-4197-A655-CAF624E435ED}.Debug|Win32.ActiveCfg = Debug|Win32
		{5A5F3CBD-4ACE-4197-A655-CAF624E435ED}.Debug|Win32.Build.0 = Debug|Win32
		{5A5F3CBD-4ACE-4197-A655-CAF624E435ED}.Release|Win32.ActiveCfg = Release|Win32
		{5A5F3CBD-4ACE-4197-A655-CAF624E435ED}.Release|Win32.Build.0 = Release|Win32
		{445B7BED-5B62-4B82-B793-957441EE8624}.Debug|Win32.ActiveCfg = Debug|Win32
		{445B7BED-5B62-4B82-B793-957441EE8624}.Debug|Win32.Build.0 = Debug|Win32
		{445B7BED-5B62-4B82-B793-957441EE8624}.Release|Win32.ActiveCfg = Release|Win32
		{445B7BED-5B62-4B82-B793-957441EE8624}.Release|Win32.Build.0 = Release|Win32
		{A7F35A33-4751-47EF-AA30-4D1776840994}.Debug|Win32.ActiveCfg = Debug|Win32
		{A7F35A33-4751-47EF-AA30-4D1776840994}.Debug|Win32.Build.0 = Debug|Win32
		{A7F35A33-4751-47EF-AA30-4D1776840994}.Release|Win32.ActiveCfg = Release|Win32
		{A7F35A33-4751-47EF-AA30-4D1776840994}.Release|Win32.Build.0 = Release|Win32
		{AA804E76-0F6B-4614-9423-D729EE4F7764}.Debug|Win32.ActiveCfg = Debug|Win32
		{AA804E76-0F6B-4614-9423-D729EE4F7764}.Debug|Win32.Build.0 = Debug|Win32
		{AA804E76-0F6B-4614-9423-D729EE4F7764}.Release|Win32.ActiveCfg = Release|Win32
		{AA804E76-0F6B-4614-9423-D729EE4F7764}.Release|Win32.Build.0 = Release|Win32
		{1038DD66-878C-4C69-924F-A992A9012284}.Debug|Win32.ActiveCfg = Debug|Win32
		{1038DD66-878C-4C69-924F-A992A9012284}.Debug|Win32.Build.0 = Debug|Win32
		{1038DD66-878C-4C69-924F-A992A9012284}.Release|Win32.ActiveCfg = Release|Win32
		{1038DD66-878C-4C69-924F-A992A9012284}.Release|Win32.Build.0 = Release|Win32
		{789CE881-D90C-4DB7-A821-8E08B626B35E}.Debug|Win32.ActiveCfg = Debug|Win32
		{789CE881-D90C-4DB7-A821-8E08B626B35E}.Debug|Win32.Build.0 = Debug|Win32
		{789CE881-D90C-4DB7-A821-8E08B626B35E}.Release|Win32.ActiveCfg = Release|Win32
		{789CE881-D90C-4DB7-A821-8E08B626B35E}.Release|Win32.Build.0 = Release|Win32
		{D12707E8-D7C9-40FD-A0F0-1720A473F9D8}.Debug|Win32.ActiveCfg = Debug|Win32
		{D12707E8-D7C9-40FD-A0F0-1720A473F9D8}.Debug|Win32.Build.0 = Debug|Win32
		{D12707E8-D7C9-40FD-A0F0-1720A473F9D8}.Release|Win32.ActiveCfg = Release|Win32
		{D12707E8-D7C9-40FD-A0F0-1720A473F9D8}.Release|Win32.Build.0 = Release|Win32
		{FE8B48FB-B26A-410F-99FF-276713CC8BFE}.Debug|Win32.ActiveCfg = Debug|Win32
		{FE8B48FB-B26A-410F-99FF-276713CC8BFE}.Debug|Win32.Build.0 = Debug|Win32
		{FE8B48FB-B26A-410F-99FF-276713CC8BFE}.Release|Win32.ActiveCfg = Release|Win32
		{FE8B48FB-B26A-410F-99FF-276713CC8BFE}.Release|Win32.Build.0 = Release|Win32
		{25D5C147-90EA-4A54-95B9-F0F774056863}.Debug|Win32.ActiveCfg = Debug|Win32
		{25D5C147-90EA-4A54-95B9-F0F774056863}.Debug|Win32.Build.0 = Debug|Win32
		{25D5C147-90EA-4A54-95B9-F0F774056863}.Release|Win32.ActiveCfg = Release|Win32
		{25D5C147-90EA-4A54-95B9-F0F774056863}.Release|Win32.Build.0 = Release|Win32
	EndGlobalSection
	GlobalSection(SolutionProperties) = preSolution
		HideSolutionNode = FALSE
	EndGlobalSection
EndGlobal
